
Microsoft Visual Studio Solution File, Format Version 12.00
# Visual Studio Version 16
VisualStudioVersion = 16.0.31410.357
MinimumVisualStudioVersion = 10.0.40219.1
Project("{FAE04EC0-301F-11D3-BF4B-00C04F79EFBC}") = "CoreAndFood", "CoreAndFood\CoreAndFood.csproj", "{E7BBE2D1-D7D8-43BC-9269-E41081B6D657}"
EndProject
Global
	GlobalSection(SolutionConfigurationPlatforms) = preSolution
		Debug|Any CPU = Debug|Any CPU
		Release|Any CPU = Release|Any CPU
	EndGlobalSection
	GlobalSection(ProjectConfigurationPlatforms) = postSolution
		{E7BBE2D1-D7D8-43BC-9269-E41081B6D657}.Debug|Any CPU.ActiveCfg = Debug|Any CPU
		{E7BBE2D1-D7D8-43BC-9269-E41081B6D657}.Debug|Any CPU.Build.0 = Debug|Any CPU
		{E7BBE2D1-D7D8-43BC-9269-E41081B6D657}.Release|Any CPU.ActiveCfg = Release|Any CPU
		{E7BBE2D1-D7D8-43BC-9269-E41081B6D657}.Release|Any CPU.Build.0 = Release|Any CPU
	EndGlobalSection
	GlobalSection(SolutionProperties) = preSolution
		HideSolutionNode = FALSE
	EndGlobalSection
	GlobalSection(ExtensibilityGlobals) = postSolution
		SolutionGuid = {405FE51E-2020-4E6F-ABC0-4DC1B6A257E6}
	EndGlobalSection
EndGlobal
